{"format_version":"0.2","terraform_version":"1.0.1","variables":{"access_key":{"value":"AKIAQKEM6BXMPOHRHTEW"},"region":{"value":"us-east-1"},"secret_key":{"value":"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"}},"planned_values":{"root_module":{"resources":[{"address":"aws_instance.web","mode":"managed","type":"aws_instance","name":"web","provider_name":"registry.terraform.io/hashicorp/aws","schema_version":1,"values":{"ami":"ubuntu/images/hvm-ssd/ubuntu-focal-20.04-amd64-server-*","credit_specification":[],"get_password_data":false,"hibernation":null,"iam_instance_profile":null,"instance_type":"t3.micro","launch_template":[],"source_dest_check":true,"tags":null,"timeouts":null,"volume_tags":null},"sensitive_values":{"capacity_reservation_specification":[],"credit_specification":[],"ebs_block_device":[],"enclave_options":[],"ephemeral_block_device":[],"ipv6_addresses":[],"launch_template":[],"metadata_options":[],"network_interface":[],"root_block_device":[],"secondary_private_ips":[],"security_groups":[],"tags_all":{},"vpc_security_group_ids":[]}}]}},"resource_changes":[{"address":"aws_instance.web","mode":"managed","type":"aws_instance","name":"web","provider_name":"registry.terraform.io/hashicorp/aws","change":{"actions":["create"],"before":null,"after":{"ami":"ubuntu/images/hvm-ssd/ubuntu-focal-20.04-amd64-server-*","credit_specification":[],"get_password_data":false,"hibernation":null,"iam_instance_profile":null,"instance_type":"t3.micro","launch_template":[],"source_dest_check":true,"tags":null,"timeouts":null,"volume_tags":null},"after_unknown":{"arn":true,"associate_public_ip_address":true,"availability_zone":true,"capacity_reservation_specification":true,"cpu_core_count":true,"cpu_threads_per_core":true,"credit_specification":[],"disable_api_termination":true,"ebs_block_device":true,"ebs_optimized":true,"enclave_options":true,"ephemeral_block_device":true,"host_id":true,"id":true,"instance_initiated_shutdown_behavior":true,"instance_state":true,"ipv6_address_count":true,"ipv6_addresses":true,"key_name":true,"launch_template":[],"metadata_options":true,"monitoring":true,"network_interface":true,"outpost_arn":true,"password_data":true,"placement_group":true,"placement_partition_number":true,"primary_network_interface_id":true,"private_dns":true,"private_ip":true,"public_dns":true,"public_ip":true,"root_block_device":true,"secondary_private_ips":true,"security_groups":true,"subnet_id":true,"tags_all":true,"tenancy":true,"user_data":true,"user_data_base64":true,"vpc_security_group_ids":true},"before_sensitive":false,"after_sensitive":{"capacity_reservation_specification":[],"credit_specification":[],"ebs_block_device":[],"enclave_options":[],"ephemeral_block_device":[],"ipv6_addresses":[],"launch_template":[],"metadata_options":[],"network_interface":[],"root_block_device":[],"secondary_private_ips":[],"security_groups":[],"tags_all":{},"vpc_security_group_ids":[]}}}],"configuration":{"provider_config":{"aws":{"name":"aws","expressions":{"access_key":{"references":["var.access_key"]},"region":{"references":["var.region"]},"secret_key":{"references":["var.secret_key"]},"skip_credentials_validation":{"constant_value":true},"skip_metadata_api_check":{"constant_value":true},"skip_requesting_account_id":{"constant_value":true}}}},"root_module":{"resources":[{"address":"aws_instance.web","mode":"managed","type":"aws_instance","name":"web","provider_config_key":"aws","expressions":{"ami":{"constant_value":"ubuntu/images/hvm-ssd/ubuntu-focal-20.04-amd64-server-*"},"instance_type":{"constant_value":"t3.micro"}},"schema_version":1}],"variables":{"access_key":{},"region":{"default":"us-east-1"},"secret_key":{}}}}}
